
Microsoft Visual Studio Solution File, Format Version 12.00
# Visual Studio Version 17
VisualStudioVersion = 17.8.34330.188
MinimumVisualStudioVersion = 10.0.40219.1
Project("{FAE04EC0-301F-11D3-BF4B-00C04F79EFBC}") = "login sql", "login sql\login sql.csproj", "{1772EDD3-8278-47E1-B77E-F87C8C6B1F88}"
EndProject
Global
	GlobalSection(SolutionConfigurationPlatforms) = preSolution
		Debug|Any CPU = Debug|Any CPU
		Release|Any CPU = Release|Any CPU
	EndGlobalSection
	GlobalSection(ProjectConfigurationPlatforms) = postSolution
		{1772EDD3-8278-47E1-B77E-F87C8C6B1F88}.Debug|Any CPU.ActiveCfg = Debug|Any CPU
		{1772EDD3-8278-47E1-B77E-F87C8C6B1F88}.Debug|Any CPU.Build.0 = Debug|Any CPU
		{1772EDD3-8278-47E1-B77E-F87C8C6B1F88}.Release|Any CPU.ActiveCfg = Release|Any CPU
		{1772EDD3-8278-47E1-B77E-F87C8C6B1F88}.Release|Any CPU.Build.0 = Release|Any CPU
	EndGlobalSection
	GlobalSection(SolutionProperties) = preSolution
		HideSolutionNode = FALSE
	EndGlobalSection
	GlobalSection(ExtensibilityGlobals) = postSolution
		SolutionGuid = {C933350C-E565-4EB1-8A16-06E6FC59771E}
	EndGlobalSection
EndGlobal
